// !$*UTF8*$!
{
	archiveVersion = 1;
	classes = {
	};
	objectVersion = 46;
	objects = {

/* Begin PBXBuildFile section */
		053A67271A1FEFC400ED6A0F /* AppDelegate.swift in Sources */ = {isa = PBXBuildFile; fileRef = 053A67261A1FEFC400ED6A0F /* AppDelegate.swift */; };
		053A67291A1FEFC400ED6A0F /* ViewController.swift in Sources */ = {isa = PBXBuildFile; fileRef = 053A67281A1FEFC400ED6A0F /* ViewController.swift */; };
		053A672C1A1FEFC400ED6A0F /* Main.storyboard in Resources */ = {isa = PBXBuildFile; fileRef = 053A672A1A1FEFC400ED6A0F /* Main.storyboard */; };
		053A672E1A1FEFC400ED6A0F /* Images.xcassets in Resources */ = {isa = PBXBuildFile; fileRef = 053A672D1A1FEFC400ED6A0F /* Images.xcassets */; };
		053A67311A1FEFC400ED6A0F /* LaunchScreen.xib in Resources */ = {isa = PBXBuildFile; fileRef = 053A672F1A1FEFC400ED6A0F /* LaunchScreen.xib */; };
		053A673D1A1FEFC500ED6A0F /* AutomatedTests.swift in Sources */ = {isa = PBXBuildFile; fileRef = 053A673C1A1FEFC500ED6A0F /* AutomatedTests.swift */; };
/* End PBXBuildFile section */

/* Begin PBXContainerItemProxy section */
		053A67371A1FEFC500ED6A0F /* PBXContainerItemProxy */ = {
			isa = PBXContainerItemProxy;
			containerPortal = 053A67191A1FEFC400ED6A0F /* Project object */;
			proxyType = 1;
			remoteGlobalIDString = 053A67201A1FEFC400ED6A0F;
			remoteInfo = Automated;
		};
/* End PBXContainerItemProxy section */

/* Begin PBXFileReference section */
		053A67211A1FEFC400ED6A0F /* Automated.app */ = {isa = PBXFileReference; explicitFileType = wrapper.application; includeInIndex = 0; path = Automated.app; sourceTree = BUILT_PRODUCTS_DIR; };
		053A67251A1FEFC400ED6A0F /* Info.plist */ = {isa = PBXFileReference; lastKnownFileType = text.plist.xml; path = Info.plist; sourceTree = "<group>"; };
		053A67261A1FEFC400ED6A0F /* AppDelegate.swift */ = {isa = PBXFileReference; lastKnownFileType = sourcecode.swift; path = AppDelegate.swift; sourceTree = "<group>"; };
		053A67281A1FEFC400ED6A0F /* ViewController.swift */ = {isa = PBXFileReference; lastKnownFileType = sourcecode.swift; path = ViewController.swift; sourceTree = "<group>"; };
		053A672B1A1FEFC400ED6A0F /* Base */ = {isa = PBXFileReference; lastKnownFileType = file.storyboard; name = Base; path = Base.lproj/Main.storyboard; sourceTree = "<group>"; };
		053A672D1A1FEFC400ED6A0F /* Images.xcassets */ = {isa = PBXFileReference; lastKnownFileType = folder.assetcatalog; path = Images.xcassets; sourceTree = "<group>"; };
		053A67301A1FEFC400ED6A0F /* Base */ = {isa = PBXFileReference; lastKnownFileType = file.xib; name = Base; path = Base.lproj/LaunchScreen.xib; sourceTree = "<group>"; };
		053A67361A1FEFC500ED6A0F /* AutomatedTests.xctest */ = {isa = PBXFileReference; explicitFileType = wrapper.cfbundle; includeInIndex = 0; path = AutomatedTests.xctest; sourceTree = BUILT_PRODUCTS_DIR; };
		053A673B1A1FEFC500ED6A0F /* Info.plist */ = {isa = PBXFileReference; lastKnownFileType = text.plist.xml; path = Info.plist; sourceTree = "<group>"; };
		053A673C1A1FEFC500ED6A0F /* AutomatedTests.swift */ = {isa = PBXFileReference; lastKnownFileType = sourcecode.swift; path = AutomatedTests.swift; sourceTree = "<group>"; };
/* End PBXFileReference section */

/* Begin PBXFrameworksBuildPhase section */
		053A671E1A1FEFC400ED6A0F /* Frameworks */ = {
			isa = PBXFrameworksBuildPhase;
			buildActionMask = 2147483647;
			files = (
			);
			runOnlyForDeploymentPostprocessing = 0;
		};
		053A67331A1FEFC500ED6A0F /* Frameworks */ = {
			isa = PBXFrameworksBuildPhase;
			buildActionMask = 2147483647;
			files = (
			);
			runOnlyForDeploymentPostprocessing = 0;
		};
/* End PBXFrameworksBuildPhase section */

/* Begin PBXGroup section */
		053A67181A1FEFC400ED6A0F = {
			isa = PBXGroup;
			children = (
				053A67231A1FEFC400ED6A0F /* Automated */,
				053A67391A1FEFC500ED6A0F /* AutomatedTests */,
				053A67221A1FEFC400ED6A0F /* Products */,
			);
			sourceTree = "<group>";
		};
		053A67221A1FEFC400ED6A0F /* Products */ = {
			isa = PBXGroup;
			children = (
				053A67211A1FEFC400ED6A0F /* Automated.app */,
				053A67361A1FEFC500ED6A0F /* AutomatedTests.xctest */,
			);
			name = Products;
			sourceTree = "<group>";
		};
		053A67231A1FEFC400ED6A0F /* Automated */ = {
			isa = PBXGroup;
			children = (
				053A67261A1FEFC400ED6A0F /* AppDelegate.swift */,
				053A67281A1FEFC400ED6A0F /* ViewController.swift */,
				053A672A1A1FEFC400ED6A0F /* Main.storyboard */,
				053A672D1A1FEFC400ED6A0F /* Images.xcassets */,
				053A672F1A1FEFC400ED6A0F /* LaunchScreen.xib */,
				053A67241A1FEFC400ED6A0F /* Supporting Files */,
			);
			path = Automated;
			sourceTree = "<group>";
		};
		053A67241A1FEFC400ED6A0F /* Supporting Files */ = {
			isa = PBXGroup;
			children = (
				053A67251A1FEFC400ED6A0F /* Info.plist */,
			);
			name = "Supporting Files";
			sourceTree = "<group>";
		};
		053A67391A1FEFC500ED6A0F /* AutomatedTests */ = {
			isa = PBXGroup;
			children = (
				053A673C1A1FEFC500ED6A0F /* AutomatedTests.swift */,
				053A673A1A1FEFC500ED6A0F /* Supporting Files */,
			);
			path = AutomatedTests;
			sourceTree = "<group>";
		};
		053A673A1A1FEFC500ED6A0F /* Supporting Files */ = {
			isa = PBXGroup;
			children = (
				053A673B1A1FEFC500ED6A0F /* Info.plist */,
			);
			name = "Supporting Files";
			sourceTree = "<group>";
		};
/* End PBXGroup section */

/* Begin PBXNativeTarget section */
		053A67201A1FEFC400ED6A0F /* Automated */ = {
			isa = PBXNativeTarget;
			buildConfigurationList = 053A67401A1FEFC500ED6A0F /* Build configuration list for PBXNativeTarget "Automated" */;
			buildPhases = (
				053A671D1A1FEFC400ED6A0F /* Sources */,
				053A671E1A1FEFC400ED6A0F /* Frameworks */,
				053A671F1A1FEFC400ED6A0F /* Resources */,
			);
			buildRules = (
			);
			dependencies = (
			);
			name = Automated;
			productName = Automated;
			productReference = 053A67211A1FEFC400ED6A0F /* Automated.app */;
			productType = "com.apple.product-type.application";
		};
		053A67351A1FEFC500ED6A0F /* AutomatedTests */ = {
			isa = PBXNativeTarget;
			buildConfigurationList = 053A67431A1FEFC500ED6A0F /* Build configuration list for PBXNativeTarget "AutomatedTests" */;
			buildPhases = (
				053A67321A1FEFC500ED6A0F /* Sources */,
				053A67331A1FEFC500ED6A0F /* Frameworks */,
				053A67341A1FEFC500ED6A0F /* Resources */,
			);
			buildRules = (
			);
			dependencies = (
				053A67381A1FEFC500ED6A0F /* PBXTargetDependency */,
			);
			name = AutomatedTests;
			productName = AutomatedTests;
			productReference = 053A67361A1FEFC500ED6A0F /* AutomatedTests.xctest */;
			productType = "com.apple.product-type.bundle.unit-test";
		};
/* End PBXNativeTarget section */

/* Begin PBXProject section */
		053A67191A1FEFC400ED6A0F /* Project object */ = {
			isa = PBXProject;
			attributes = {
				LastUpgradeCheck = 0610;
				ORGANIZATIONNAME = Automated;
				TargetAttributes = {
					053A67201A1FEFC400ED6A0F = {
						CreatedOnToolsVersion = 6.1.1;
					};
					053A67351A1FEFC500ED6A0F = {
						CreatedOnToolsVersion = 6.1.1;
						TestTargetID = 053A67201A1FEFC400ED6A0F;
					};
				};
			};
			buildConfigurationList = 053A671C1A1FEFC400ED6A0F /* Build configuration list for PBXProject "Automated" */;
			compatibilityVersion = "Xcode 3.2";
			developmentRegion = English;
			hasScannedForEncodings = 0;
			knownRegions = (
				en,
				Base,
			);
			mainGroup = 053A67181A1FEFC400ED6A0F;
			productRefGroup = 053A67221A1FEFC400ED6A0F /* Products */;
			projectDirPath = "";
			projectRoot = "";
			targets = (
				053A67201A1FEFC400ED6A0F /* Automated */,
				053A67351A1FEFC500ED6A0F /* AutomatedTests */,
			);
		};
/* End PBXProject section */

/* Begin PBXResourcesBuildPhase section */
		053A671F1A1FEFC400ED6A0F /* Resources */ = {
			isa = PBXResourcesBuildPhase;
			buildActionMask = 2147483647;
			files = (
				053A672C1A1FEFC400ED6A0F /* Main.storyboard in Resources */,
				053A67311A1FEFC400ED6A0F /* LaunchScreen.xib in Resources */,
				053A672E1A1FEFC400ED6A0F /* Images.xcassets in Resources */,
			);
			runOnlyForDeploymentPostprocessing = 0;
		};
		053A67341A1FEFC500ED6A0F /* Resources */ = {
			isa = PBXResourcesBuildPhase;
			buildActionMask = 2147483647;
			files = (
			);
			runOnlyForDeploymentPostprocessing = 0;
		};
/* End PBXResourcesBuildPhase section */

/* Begin PBXSourcesBuildPhase section */
		053A671D1A1FEFC400ED6A0F /* Sources */ = {
			isa = PBXSourcesBuildPhase;
			buildActionMask = 2147483647;
			files = (
				053A67291A1FEFC400ED6A0F /* ViewController.swift in Sources */,
				053A67271A1FEFC400ED6A0F /* AppDelegate.swift in Sources */,
			);
			runOnlyForDeploymentPostprocessing = 0;
		};
		053A67321A1FEFC500ED6A0F /* Sources */ = {
			isa = PBXSourcesBuildPhase;
			buildActionMask = 2147483647;
			files = (
				053A673D1A1FEFC500ED6A0F /* AutomatedTests.swift in Sources */,
			);
			runOnlyForDeploymentPostprocessing = 0;
		};
/* End PBXSourcesBuildPhase section */

/* Begin PBXTargetDependency section */
		053A67381A1FEFC500ED6A0F /* PBXTargetDependency */ = {
			isa = PBXTargetDependency;
			target = 053A67201A1FEFC400ED6A0F /* Automated */;
			targetProxy = 053A67371A1FEFC500ED6A0F /* PBXContainerItemProxy */;
		};
/* End PBXTargetDependency section */

/* Begin PBXVariantGroup section */
		053A672A1A1FEFC400ED6A0F /* Main.storyboard */ = {
			isa = PBXVariantGroup;
			children = (
				053A672B1A1FEFC400ED6A0F /* Base */,
			);
			name = Main.storyboard;
			sourceTree = "<group>";
		};
		053A672F1A1FEFC400ED6A0F /* LaunchScreen.xib */ = {
			isa = PBXVariantGroup;
			children = (
				053A67301A1FEFC400ED6A0F /* Base */,
			);
			name = LaunchScreen.xib;
			sourceTree = "<group>";
		};
/* End PBXVariantGroup section */

/* Begin XCBuildConfiguration section */
		053A673E1A1FEFC500ED6A0F /* Debug */ = {
			isa = XCBuildConfiguration;
			buildSettings = {
				ALWAYS_SEARCH_USER_PATHS = NO;
				CLANG_CXX_LANGUAGE_STANDARD = "gnu++0x";
				CLANG_CXX_LIBRARY = "libc++";
				CLANG_ENABLE_MODULES = YES;
				CLANG_ENABLE_OBJC_ARC = YES;
				CLANG_WARN_BOOL_CONVERSION = YES;
				CLANG_WARN_CONSTANT_CONVERSION = YES;
				CLANG_WARN_DIRECT_OBJC_ISA_USAGE = YES_ERROR;
				CLANG_WARN_EMPTY_BODY = YES;
				CLANG_WARN_ENUM_CONVERSION = YES;
				CLANG_WARN_INT_CONVERSION = YES;
				CLANG_WARN_OBJC_ROOT_CLASS = YES_ERROR;
				CLANG_WARN_UNREACHABLE_CODE = YES;
				CLANG_WARN__DUPLICATE_METHOD_MATCH = YES;
				"CODE_SIGN_IDENTITY[sdk=iphoneos*]" = "iPhone Developer";
				COPY_PHASE_STRIP = NO;
				ENABLE_STRICT_OBJC_MSGSEND = YES;
				GCC_C_LANGUAGE_STANDARD = gnu99;
				GCC_DYNAMIC_NO_PIC = NO;
				GCC_OPTIMIZATION_LEVEL = 0;
				GCC_PREPROCESSOR_DEFINITIONS = (
					"DEBUG=1",
					"$(inherited)",
				);
				GCC_SYMBOLS_PRIVATE_EXTERN = NO;
				GCC_WARN_64_TO_32_BIT_CONVERSION = YES;
				GCC_WARN_ABOUT_RETURN_TYPE = YES_ERROR;
				GCC_WARN_UNDECLARED_SELECTOR = YES;
				GCC_WARN_UNINITIALIZED_AUTOS = YES_AGGRESSIVE;
				GCC_WARN_UNUSED_FUNCTION = YES;
				GCC_WARN_UNUSED_VARIABLE = YES;
				IPHONEOS_DEPLOYMENT_TARGET = 8.1;
				MTL_ENABLE_DEBUG_INFO = YES;
				ONLY_ACTIVE_ARCH = YES;
				SDKROOT = iphoneos;
				SWIFT_OPTIMIZATION_LEVEL = "-Onone";
			};
			name = Debug;
		};
		053A673F1A1FEFC500ED6A0F /* Release */ = {
			isa = XCBuildConfiguration;
			buildSettings = {
				ALWAYS_SEARCH_USER_PATHS = NO;
				CLANG_CXX_LANGUAGE_STANDARD = "gnu++0x";
				CLANG_CXX_LIBRARY = "libc++";
				CLANG_ENABLE_MODULES = YES;
				CLANG_ENABLE_OBJC_ARC = YES;
				CLANG_WARN_BOOL_CONVERSION = YES;
				CLANG_WARN_CONSTANT_CONVERSION = YES;
				CLANG_WARN_DIRECT_OBJC_ISA_USAGE = YES_ERROR;
				CLANG_WARN_EMPTY_BODY = YES;
				CLANG_WARN_ENUM_CONVERSION = YES;
				CLANG_WARN_INT_CONVERSION = YES;
				CLANG_WARN_OBJC_ROOT_CLASS = YES_ERROR;
				CLANG_WARN_UNREACHABLE_CODE = YES;
				CLANG_WARN__DUPLICATE_METHOD_MATCH = YES;
				"CODE_SIGN_IDENTITY[sdk=iphoneos*]" = "iPhone Developer";
				COPY_PHASE_STRIP = YES;
				ENABLE_NS_ASSERTIONS = NO;
				ENABLE_STRICT_OBJC_MSGSEND = YES;
				GCC_C_LANGUAGE_STANDARD = gnu99;
				GCC_WARN_64_TO_32_BIT_CONVERSION = YES;
				GCC_WARN_ABOUT_RETURN_TYPE = YES_ERROR;
				GCC_WARN_UNDECLARED_SELECTOR = YES;
				GCC_WARN_UNINITIALIZED_AUTOS = YES_AGGRESSIVE;
				GCC_WARN_UNUSED_FUNCTION = YES;
				GCC_WARN_UNUSED_VARIABLE = YES;
				IPHONEOS_DEPLOYMENT_TARGET = 8.1;
				MTL_ENABLE_DEBUG_INFO = NO;
				SDKROOT = iphoneos;
				VALIDATE_PRODUCT = YES;
			};
			name = Release;
		};
		053A67411A1FEFC500ED6A0F /* Debug */ = {
			isa = XCBuildConfiguration;
			buildSettings = {
				ASSETCATALOG_COMPILER_APPICON_NAME = AppIcon;
				INFOPLIST_FILE = Automated/Info.plist;
				LD_RUNPATH_SEARCH_PATHS = "$(inherited) @executable_path/Frameworks";
				PRODUCT_NAME = "$(TARGET_NAME)";
			};
			name = Debug;
		};
		053A67421A1FEFC500ED6A0F /* Release */ = {
			isa = XCBuildConfiguration;
			buildSettings = {
				ASSETCATALOG_COMPILER_APPICON_NAME = AppIcon;
				INFOPLIST_FILE = Automated/Info.plist;
				LD_RUNPATH_SEARCH_PATHS = "$(inherited) @executable_path/Frameworks";
				PRODUCT_NAME = "$(TARGET_NAME)";
			};
			name = Release;
		};
		053A67441A1FEFC500ED6A0F /* Debug */ = {
			isa = XCBuildConfiguration;
			buildSettings = {
				BUNDLE_LOADER = "$(TEST_HOST)";
				FRAMEWORK_SEARCH_PATHS = (
					"$(SDKROOT)/Developer/Library/Frameworks",
					"$(inherited)",
				);
				GCC_PREPROCESSOR_DEFINITIONS = (
					"DEBUG=1",
					"$(inherited)",
				);
				INFOPLIST_FILE = AutomatedTests/Info.plist;
				LD_RUNPATH_SEARCH_PATHS = "$(inherited) @executable_path/Frameworks @loader_path/Frameworks";
				PRODUCT_NAME = "$(TARGET_NAME)";
				TEST_HOST = "$(BUILT_PRODUCTS_DIR)/Automated.app/Automated";
			};
			name = Debug;
		};
		053A67451A1FEFC500ED6A0F /* Release */ = {
			isa = XCBuildConfiguration;
			buildSettings = {
				BUNDLE_LOADER = "$(TEST_HOST)";
				FRAMEWORK_SEARCH_PATHS = (
					"$(SDKROOT)/Developer/Library/Frameworks",
					"$(inherited)",
				);
				INFOPLIST_FILE = AutomatedTests/Info.plist;
				LD_RUNPATH_SEARCH_PATHS = "$(inherited) @executable_path/Frameworks @loader_path/Frameworks";
				PRODUCT_NAME = "$(TARGET_NAME)";
				TEST_HOST = "$(BUILT_PRODUCTS_DIR)/Automated.app/Automated";
			};
			name = Release;
		};
/* End XCBuildConfiguration section */

/* Begin XCConfigurationList section */
		053A671C1A1FEFC400ED6A0F /* Build configuration list for PBXProject "Automated" */ = {
			isa = XCConfigurationList;
			buildConfigurations = (
				053A673E1A1FEFC500ED6A0F /* Debug */,
				053A673F1A1FEFC500ED6A0F /* Release */,
			);
			defaultConfigurationIsVisible = 0;
			defaultConfigurationName = Release;
		};
		053A67401A1FEFC500ED6A0F /* Build configuration list for PBXNativeTarget "Automated" */ = {
			isa = XCConfigurationList;
			buildConfigurations = (
				053A67411A1FEFC500ED6A0F /* Debug */,
				053A67421A1FEFC500ED6A0F /* Release */,
			);
			defaultConfigurationIsVisible = 0;
		};
		053A67431A1FEFC500ED6A0F /* Build configuration list for PBXNativeTarget "AutomatedTests" */ = {
			isa = XCConfigurationList;
			buildConfigurations = (
				053A67441A1FEFC500ED6A0F /* Debug */,
				053A67451A1FEFC500ED6A0F /* Release */,
			);
			defaultConfigurationIsVisible = 0;
		};
/* End XCConfigurationList section */
	};
	rootObject = 053A67191A1FEFC400ED6A0F /* Project object */;
}
